<?xml version="1.0" encoding="UTF-8"?>
<Scheme
   LastUpgradeVersion = "0630"
   version = "1.3">
   <BuildAction
      parallelizeBuildables = "YES"
      buildImplicitDependencies = "YES">
      <BuildActionEntries>
         <BuildActionEntry
            buildForTesting = "YES"
            buildForRunning = "YES"
            buildForProfiling = "YES"
            buildForArchiving = "YES"
            buildForAnalyzing = "YES">
            <BuildableReference
               BuildableIdentifier = "primary"
               BlueprintIdentifier = "5178FDB7C6454058A92E7746"
               BuildableName = "gssw"
               BlueprintName = "gssw"
               ReferencedContainer = "container:xcodebin/gwiz.xcodeproj">
            </BuildableReference>
         </BuildActionEntry>
      </BuildActionEntries>
   </BuildAction>
   <TestAction
      selectedDebuggerIdentifier = "Xcode.DebuggerFoundation.Debugger.LLDB"
      selectedLauncherIdentifier = "Xcode.DebuggerFoundation.Launcher.LLDB"
      shouldUseLaunchSchemeArgsEnv = "YES"
      buildConfiguration = "Debug">
      <Testables>
      </Testables>
      <MacroExpansion>
         <BuildableReference
            BuildableIdentifier = "primary"
            BlueprintIdentifier = "5178FDB7C6454058A92E7746"
            BuildableName = "gssw"
            BlueprintName = "gssw"
            ReferencedContainer = "container:xcodebin/gwiz.xcodeproj">
         </BuildableReference>
      </MacroExpansion>
   </TestAction>
   <LaunchAction
      selectedDebuggerIdentifier = "Xcode.DebuggerFoundation.Debugger.LLDB"
      selectedLauncherIdentifier = "Xcode.DebuggerFoundation.Launcher.LLDB"
      launchStyle = "0"
      useCustomWorkingDirectory = "NO"
      buildConfiguration = "Debug"
      ignoresPersistentStateOnLaunch = "NO"
      debugDocumentVersioning = "YES"
      allowLocationSimulation = "YES">
      <BuildableProductRunnable
         runnableDebuggingMode = "0">
         <BuildableReference
            BuildableIdentifier = "primary"
            BlueprintIdentifier = "5178FDB7C6454058A92E7746"
            BuildableName = "gssw"
            BlueprintName = "gssw"
            ReferencedContainer = "container:xcodebin/gwiz.xcodeproj">
         </BuildableReference>
      </BuildableProductRunnable>
      <CommandLineArguments>
         <CommandLineArgument
            argument = " -b /Users/dillonl/Projects/gwiz/data/NA12878.chrom20.ILLUMINA.bwa.CEU.low_coverage.20121211.bam"
            isEnabled = "YES">
         </CommandLineArgument>
         <CommandLineArgument
            argument = "-v /Users/dillonl/Projects/gwiz/data/ALL.chr20.phase3_shapeit2_mvncall_integrated_v5.20130502.genotypes.vcf"
            isEnabled = "YES">
         </CommandLineArgument>
         <CommandLineArgument
            argument = "-f /Users/dillonl/Projects/gwiz/data/hs37d5.fa"
            isEnabled = "YES">
         </CommandLineArgument>
         <CommandLineArgument
            argument = "-r 20:340000-11467000"
            isEnabled = "YES">
         </CommandLineArgument>
         <CommandLineArgument
            argument = " -t 10"
            isEnabled = "YES">
         </CommandLineArgument>
         <CommandLineArgument
            argument = "-o output.vcf"
            isEnabled = "YES">
         </CommandLineArgument>
      </CommandLineArguments>
      <AdditionalOptions>
      </AdditionalOptions>
   </LaunchAction>
   <ProfileAction
      shouldUseLaunchSchemeArgsEnv = "YES"
      savedToolIdentifier = ""
      useCustomWorkingDirectory = "NO"
      buildConfiguration = "Release"
      debugDocumentVersioning = "YES">
      <BuildableProductRunnable
         runnableDebuggingMode = "0">
         <BuildableReference
            BuildableIdentifier = "primary"
            BlueprintIdentifier = "5178FDB7C6454058A92E7746"
            BuildableName = "gssw"
            BlueprintName = "gssw"
            ReferencedContainer = "container:xcodebin/gwiz.xcodeproj">
         </BuildableReference>
      </BuildableProductRunnable>
   </ProfileAction>
   <AnalyzeAction
      buildConfiguration = "Debug">
   </AnalyzeAction>
   <ArchiveAction
      buildConfiguration = "Release"
      revealArchiveInOrganizer = "YES">
   </ArchiveAction>
</Scheme>
